
Microsoft Visual Studio Solution File, Format Version 11.00
# Visual Studio 2010
Project("{FAE04EC0-301F-11D3-BF4B-00C04F79EFBC}") = "FrankerZWheel", "FrankerZWheel\FrankerZWheel.csproj", "{BEF84565-C665-4DF8-A714-C8CCE9B61D16}"
EndProject
Global
	GlobalSection(SolutionConfigurationPlatforms) = preSolution
		Debug|x86 = Debug|x86
		Release|x86 = Release|x86
	EndGlobalSection
	GlobalSection(ProjectConfigurationPlatforms) = postSolution
		{BEF84565-C665-4DF8-A714-C8CCE9B61D16}.Debug|x86.ActiveCfg = Debug|x86
		{BEF84565-C665-4DF8-A714-C8CCE9B61D16}.Debug|x86.Build.0 = Debug|x86
		{BEF84565-C665-4DF8-A714-C8CCE9B61D16}.Release|x86.ActiveCfg = Release|x86
		{BEF84565-C665-4DF8-A714-C8CCE9B61D16}.Release|x86.Build.0 = Release|x86
	EndGlobalSection
	GlobalSection(SolutionProperties) = preSolution
		HideSolutionNode = FALSE
	EndGlobalSection
EndGlobal
